<Solution>
  <Folder Name="/backend/">
    <Project Path="backend/FHS.Api/FHS.Api.csproj" />
    <Project Path="backend/FHS.Chain/FHS.Chain.csproj" />
  </Folder>
  <Folder Name="/infra/">
    <Project Path="infra/FHS.AppHost/FHS.AppHost.csproj" />
    <Project Path="infra/FHS.ServiceDefaults/FHS.ServiceDefaults.csproj" />
  </Folder>
  <Folder Name="/tests/">
    <Project Path="tests/Fhs.ArchitectureTests/Fhs.ArchitectureTests.csproj" />
    <Project Path="tests/Fhs.IntegrationTests/Fhs.IntegrationTests.csproj" />
  </Folder>
</Solution>
